<Solution>
  <Folder Name="/BuildingBlocks/" />
  <Folder Name="/Modules/" />
  <Folder Name="/Modules/Core/">
    <Project Path="Modules/Core/Luga.Modules.Core.Client/Luga.Modules.Core.Client.csproj" />
    <Project Path="Modules/Core/Luga.Modules.Core.Contracts/Luga.Modules.Core.Contracts.csproj" />
    <Project Path="Modules/Core/Luga.Modules.Core.Server/Luga.Modules.Core.Server.csproj" />
    <Project Path="Modules/Core/Luga.Modules.Core.Shared/Luga.Modules.Core.Shared.csproj" />
  </Folder>
  <Folder Name="/Modules/Customers/">
    <Project Path="Modules/Customers/Luga.Modules.Customers.Client/Luga.Modules.Customers.Client.csproj" />
    <Project Path="Modules/Customers/Luga.Modules.Customers.Contracts/Luga.Modules.Customers.Contracts.csproj" />
    <Project Path="Modules/Customers/Luga.Modules.Customers.Server/Luga.Modules.Customers.Server.csproj" />
    <Project Path="Modules/Customers/Luga.Modules.Customers.Shared/Luga.Modules.Customers.Shared.csproj" />
  </Folder>
  <Folder Name="/Modules/Marketing/">
    <Project Path="Modules/Marketing/Luga.Modules.Marketing.Client/Luga.Modules.Marketing.Client.csproj" />
    <Project Path="Modules/Marketing/Luga.Modules.Marketing.Contracts/Luga.Modules.Marketing.Contracts.csproj" />
    <Project Path="Modules/Marketing/Luga.Modules.Marketing.Server/Luga.Modules.Marketing.Server.csproj" />
    <Project Path="Modules/Marketing/Luga.Modules.Marketing.Shared/Luga.Modules.Marketing.Shared.csproj" />
  </Folder>
  <Folder Name="/Modules/Personalization/">
    <Project Path="Modules/Personalization/Luga.Modules.Personalization.Client/Luga.Modules.Personalization.Client.csproj" />
    <Project Path="Modules/Personalization/Luga.Modules.Personalization.Contracts/Luga.Modules.Personalization.Contracts.csproj" />
    <Project Path="Modules/Personalization/Luga.Modules.Personalization.Server/Luga.Modules.Personalization.Server.csproj" />
    <Project Path="Modules/Personalization/Luga.Modules.Personalization.Shared/Luga.Modules.Personalization.Shared.csproj" />
  </Folder>
  <Folder Name="/src/" />
  <Folder Name="/src/AppHost/">
    <Project Path="AppHost/Luga.AppHost/Luga.AppHost.csproj" />
  </Folder>
  <Folder Name="/src/BuildingBlocks/">
    <Project Path="BuildingBlocks/Luga.BuildingBlocks.Application/Luga.BuildingBlocks.Application.csproj" />
    <Project Path="BuildingBlocks/Luga.BuildingBlocks.Client/Luga.BuildingBlocks.Client.csproj" />
    <Project Path="BuildingBlocks/Luga.BuildingBlocks.Domain/Luga.BuildingBlocks.Domain.csproj" />
    <Project Path="BuildingBlocks/Luga.BuildingBlocks.Infrastructure/Luga.BuildingBlocks.Infrastructure.csproj" />
    <Project Path="BuildingBlocks/Luga.BuildingBlocks.IntegrationEvents/Luga.BuildingBlocks.IntegrationEvents.csproj" />
    <Project Path="BuildingBlocks/Luga.BuildingBlocks.Server/Luga.BuildingBlocks.Server.csproj" />
  </Folder>
  <Folder Name="/src/Hosts/">
    <Project Path="Hosts/Luga.Client.Host/Luga.Client.Host.csproj" />
    <Project Path="Hosts/Luga.Server.Host/Luga.Server.Host.csproj" />
  </Folder>
  <Folder Name="/tests/" />
  <Folder Name="/tests/Architecture/">
    <Project Path="../tests/Architecture/Luga.Tests.Architecture/Luga.Tests.Architecture.csproj" />
  </Folder>
  <Folder Name="/tests/BuildingBlocks/">
    <Project Path="../tests/BuildingBlocks/Luga.Tests.BuildingBlocks/Luga.Tests.BuildingBlocks.csproj" />
  </Folder>
  <Folder Name="/tests/Integration/">
    <Project Path="../tests/Integration/Luga.Tests.Integration/Luga.Tests.Integration.csproj" />
  </Folder>
</Solution>
